
Microsoft Visual Studio Solution File, Format Version 12.00
# Visual Studio 15
VisualStudioVersion = 15.0.28010.2019
MinimumVisualStudioVersion = 10.0.40219.1
Project("{FAE04EC0-301F-11D3-BF4B-00C04F79EFBC}") = "helloworld", "helloworld\helloworld.csproj", "{A5AD7973-0CE4-4F19-B71D-E065D5D7B682}"
EndProject
Global
	GlobalSection(SolutionConfigurationPlatforms) = preSolution
		Debug|Any CPU = Debug|Any CPU
		Release|Any CPU = Release|Any CPU
	EndGlobalSection
	GlobalSection(ProjectConfigurationPlatforms) = postSolution
		{A5AD7973-0CE4-4F19-B71D-E065D5D7B682}.Debug|Any CPU.ActiveCfg = Debug|Any CPU
		{A5AD7973-0CE4-4F19-B71D-E065D5D7B682}.Debug|Any CPU.Build.0 = Debug|Any CPU
		{A5AD7973-0CE4-4F19-B71D-E065D5D7B682}.Release|Any CPU.ActiveCfg = Release|Any CPU
		{A5AD7973-0CE4-4F19-B71D-E065D5D7B682}.Release|Any CPU.Build.0 = Release|Any CPU
	EndGlobalSection
	GlobalSection(SolutionProperties) = preSolution
		HideSolutionNode = FALSE
	EndGlobalSection
	GlobalSection(ExtensibilityGlobals) = postSolution
		SolutionGuid = {35E72717-C990-4FE7-8F00-867299DEBFC4}
	EndGlobalSection
EndGlobal
